// !$*UTF8*$!
{
	archiveVersion = 1;
	classes = {
	};
	objectVersion = 54;
	objects = {

/* Begin PBXBuildFile section */
		0B64D5815B26AC08B64D5810 /* OCRTranslateApp.swift in Sources */ = {isa = PBXBuildFile; fileRef = 707DDCA1383EEE5087785BA6 /* OCRTranslateApp.swift */; };
		488DD0B52446E85A84D16ADC /* AppDelegate.swift in Sources */ = {isa = PBXBuildFile; fileRef = 408B006D2045803684493B07 /* AppDelegate.swift */; };
		42D72343216B91A184704957 /* ContentView.swift in Sources */ = {isa = PBXBuildFile; fileRef = 34100B9B1A0805CD837510C5 /* ContentView.swift */; };
		06D70D8336B86C186D70D830 /* SettingsView.swift in Sources */ = {isa = PBXBuildFile; fileRef = 5F279F5F2F93CFAF8651A195 /* SettingsView.swift */; };
		6CA546C53652A3628736F9B3 /* OCREngine.swift in Sources */ = {isa = PBXBuildFile; fileRef = 7AA3F8673D51FC338824E37E /* OCREngine.swift */; };
		4AF6B2F0257B597804FA61E1 /* TranslateResult.swift in Sources */ = {isa = PBXBuildFile; fileRef = 7530BD323A985E9907C83C90 /* TranslateResult.swift */; };
		3AB23D181D591E8C03E5D60E /* TranslationEngine.swift in Sources */ = {isa = PBXBuildFile; fileRef = 7141D34638A0E9A307855F07 /* TranslationEngine.swift */; };
		2D1226C21689136102FE3492 /* RecognizedText.swift in Sources */ = {isa = PBXBuildFile; fileRef = 0E19232470C91920E1923240 /* RecognizedText.swift */; };
		5308D86929846C348583965E /* TranslationManager.swift in Sources */ = {isa = PBXBuildFile; fileRef = 2596D3CB12CB69E5827F0410 /* TranslationManager.swift */; };
		736ACFDE39B567EF07AA17CD /* Assets.xcassets in Resources */ = {isa = PBXBuildFile; fileRef = 4EC7AE842763D742053B4296 /* Assets.xcassets */; };
		7ACC7FF23D663FF90827947F /* LaunchScreen.storyboard in Resources */ = {isa = PBXBuildFile; fileRef = 3CFEFE541E7F7F2A040CEEE3 /* LaunchScreen.storyboard */; };
		1F68A4C4FB4526201F68A4C4 /* SampleHandler.swift in Sources */ = {isa = PBXBuildFile; fileRef = 2EBFD89E175FEC4F031ABD62 /* SampleHandler.swift */; };
/* End PBXBuildFile section */

/* Begin PBXContainerItemProxy section */
		065FCA6E32FE537065FCA6E0 /* PBXContainerItemProxy */ = {
			isa = PBXContainerItemProxy;
			containerPortal = 6EC08F44376047A2075AC983;
			proxyType = 1;
			remoteGlobalIDString = 4D367D6F269B3EB785209E54;
			remoteInfo = OCRTranslate;
		};
/* End PBXContainerItemProxy section */

/* Begin PBXCopyFilesBuildPhase section */
		22200FCF111007E78244210C /* Embed App Extensions */ = {
			isa = PBXCopyFilesBuildPhase;
			dstPath = "";
			dstSubfolderSpec = 13;
			files = (
			);
			name = "Embed App Extensions";
			runOnlyForDeploymentPostprocessing = 0;
		};
/* End PBXCopyFilesBuildPhase section */

/* Begin PBXFileReference section */
		707DDCA1383EEE5087785BA6 /* OCRTranslateApp.swift */ = {isa = PBXFileReference; lastKnownFileType = sourcecode.swift; path = OCRTranslateApp.swift; sourceTree = "<group>"; };
		408B006D2045803684493B07 /* AppDelegate.swift */ = {isa = PBXFileReference; lastKnownFileType = sourcecode.swift; path = AppDelegate.swift; sourceTree = "<group>"; };
		34100B9B1A0805CD837510C5 /* ContentView.swift */ = {isa = PBXFileReference; lastKnownFileType = sourcecode.swift; path = ContentView.swift; sourceTree = "<group>"; };
		5F279F5F2F93CFAF8651A195 /* SettingsView.swift */ = {isa = PBXFileReference; lastKnownFileType = sourcecode.swift; path = SettingsView.swift; sourceTree = "<group>"; };
		7AA3F8673D51FC338824E37E /* OCREngine.swift */ = {isa = PBXFileReference; lastKnownFileType = sourcecode.swift; path = OCREngine.swift; sourceTree = "<group>"; };
		7530BD323A985E9907C83C90 /* TranslateResult.swift */ = {isa = PBXFileReference; lastKnownFileType = sourcecode.swift; path = TranslateResult.swift; sourceTree = "<group>"; };
		7141D34638A0E9A307855F07 /* TranslationEngine.swift */ = {isa = PBXFileReference; lastKnownFileType = sourcecode.swift; path = TranslationEngine.swift; sourceTree = "<group>"; };
		0E19232470C91920E1923240 /* RecognizedText.swift */ = {isa = PBXFileReference; lastKnownFileType = sourcecode.swift; path = RecognizedText.swift; sourceTree = "<group>"; };
		2596D3CB12CB69E5827F0410 /* TranslationManager.swift */ = {isa = PBXFileReference; lastKnownFileType = sourcecode.swift; path = TranslationManager.swift; sourceTree = "<group>"; };
		707C3B96383E1DCB07783FF4 /* Info.plist */ = {isa = PBXFileReference; lastKnownFileType = text.plist.xml; path = Info.plist; sourceTree = "<group>"; };
		4EF3CAFD2779E57E853E307A /* OCRTranslate.entitlements */ = {isa = PBXFileReference; lastKnownFileType = text.plist.entitlements; path = OCRTranslate.entitlements; sourceTree = "<group>"; };
		4EC7AE842763D742053B4296 /* Assets.xcassets */ = {isa = PBXFileReference; lastKnownFileType = folder.assetcatalog; path = Assets.xcassets; sourceTree = "<group>"; };
		3CFEFE541E7F7F2A040CEEE3 /* LaunchScreen.storyboard */ = {isa = PBXFileReference; lastKnownFileType = file.storyboard; name = LaunchScreen.storyboard; path = Base.lproj/LaunchScreen.storyboard; sourceTree = "<group>"; };
		2EBFD89E175FEC4F031ABD62 /* SampleHandler.swift */ = {isa = PBXFileReference; lastKnownFileType = sourcecode.swift; path = SampleHandler.swift; sourceTree = "<group>"; };
		51F44B9628FA25CB05713904 /* Info.plist */ = {isa = PBXFileReference; lastKnownFileType = text.plist.xml; path = Info.plist; sourceTree = "<group>"; };
		47ADDAFD23D6ED7E84C28B8A /* ScreenTranslator.entitlements */ = {isa = PBXFileReference; lastKnownFileType = text.plist.entitlements; path = ScreenTranslator.entitlements; sourceTree = "<group>"; };
		5D28C32F2E946197862FB4F6 /* OCRTranslate.app */ = {isa = PBXFileReference; explicitFileType = wrapper.application; includeInIndex = 0; path = OCRTranslate.app; sourceTree = BUILT_PRODUCTS_DIR; };
		1638B32FB1C599781638B32F /* ScreenTranslator.appex */ = {isa = PBXFileReference; explicitFileType = "wrapper.app-extension"; includeInIndex = 0; path = ScreenTranslator.appex; sourceTree = BUILT_PRODUCTS_DIR; };
/* End PBXFileReference section */

/* Begin PBXFrameworksBuildPhase section */
		541B48512A0DA4288595CFCD /* Frameworks */ = {
			isa = PBXFrameworksBuildPhase;
			buildActionMask = 2147483647;
			files = (
			);
			runOnlyForDeploymentPostprocessing = 0;
		};
		4CD55851266AAC28851A2ADD /* Frameworks */ = {
			isa = PBXFrameworksBuildPhase;
			buildActionMask = 2147483647;
			files = (
			);
			runOnlyForDeploymentPostprocessing = 0;
		};
/* End PBXFrameworksBuildPhase section */

/* Begin PBXGroup section */
		2F79707917BCB83C83271078 = {
			isa = PBXGroup;
			children = (
				05F5E39C2FAF1CE05F5E39C0 /* OCRTranslate */,
				2A3999DB151CCCED82CDD337 /* Shared */,
				2F22F91F17917C8F8321528B /* ScreenTranslator */,
				51F3772F28F9BB9785712AEA /* Products */,
			);
			sourceTree = "<group>";
		};
		05F5E39C2FAF1CE05F5E39C0 /* OCRTranslate */ = {
			isa = PBXGroup;
			children = (
				707DDCA1383EEE5087785BA6 /* OCRTranslateApp.swift */,
				408B006D2045803684493B07 /* AppDelegate.swift */,
				34100B9B1A0805CD837510C5 /* ContentView.swift */,
				5F279F5F2F93CFAF8651A195 /* SettingsView.swift */,
				707C3B96383E1DCB07783FF4 /* Info.plist */,
				4EF3CAFD2779E57E853E307A /* OCRTranslate.entitlements */,
				4EC7AE842763D742053B4296 /* Assets.xcassets */,
				3CFEFE541E7F7F2A040CEEE3 /* LaunchScreen.storyboard */,
			);
			path = OCRTranslate;
			sourceTree = "<group>";
		};
		2A3999DB151CCCED82CDD337 /* Shared */ = {
			isa = PBXGroup;
			children = (
				7AA3F8673D51FC338824E37E /* OCREngine.swift */,
				7530BD323A985E9907C83C90 /* TranslateResult.swift */,
				7141D34638A0E9A307855F07 /* TranslationEngine.swift */,
				0E19232470C91920E1923240 /* RecognizedText.swift */,
				2596D3CB12CB69E5827F0410 /* TranslationManager.swift */,
			);
			path = Shared;
			sourceTree = "<group>";
		};
		2F22F91F17917C8F8321528B /* ScreenTranslator */ = {
			isa = PBXGroup;
			children = (
				2EBFD89E175FEC4F031ABD62 /* SampleHandler.swift */,
				51F44B9628FA25CB05713904 /* Info.plist */,
				47ADDAFD23D6ED7E84C28B8A /* ScreenTranslator.entitlements */,
			);
			path = ScreenTranslator;
			sourceTree = "<group>";
		};
		51F3772F28F9BB9785712AEA /* Products */ = {
			isa = PBXGroup;
			children = (
				5D28C32F2E946197862FB4F6 /* OCRTranslate.app */,
				1638B32FB1C599781638B32F /* ScreenTranslator.appex */,
			);
			name = Products;
			sourceTree = "<group>";
		};
/* End PBXGroup section */

/* Begin PBXNativeTarget section */
		4D367D6F269B3EB785209E54 /* OCRTranslate */ = {
			isa = PBXNativeTarget;
			buildConfigurationList = 2F4DD2D317A6E96983242B00;
			buildPhases = (
				2F4D913A17A6C89D032426A4 /* Sources */,
				2F4D967E17A6CB3F032426FE /* Resources */,
				541B48512A0DA4288595CFCD /* Frameworks */,
				22200FCF111007E78244210C /* Embed App Extensions */,
			);
			buildRules = (
			);
			dependencies = (
				0001840FC207813B4C31CCD1 /* PBXTargetDependency */,
			);
			name = OCRTranslate;
			productName = OCRTranslate;
			productReference = 5D28C32F2E946197862FB4F6 /* OCRTranslate.app */;
			productType = "com.apple.product-type.application";
		};
		60046D6F300236B786604B44 /* ScreenTranslator */ = {
			isa = PBXNativeTarget;
			buildConfigurationList = 4DD5C2D326EAE169852B31F0;
			buildPhases = (
				4DD5813A26EAC09D052B2D94 /* Sources */,
				4CD55851266AAC28851A2ADD /* Frameworks */,
			);
			buildRules = (
			);
			dependencies = (
			);
			name = ScreenTranslator;
			productName = ScreenTranslator;
			productReference = 1638B32FB1C599781638B32F /* ScreenTranslator.appex */;
			productType = "com.apple.product-type.app-extension";
		};
/* End PBXNativeTarget section */

/* Begin PBXProject section */
		6EC08F44376047A2075AC983 /* Project object */ = {
			isa = PBXProject;
			attributes = {
				BuildIndependentTargetsInParallel = 1;
				LastSwiftUpdateCheck = 1500;
				LastUpgradeCheck = 1500;
			};
			buildConfigurationList = 2F4DD2D317A6E96983242B00;
			compatibilityVersion = "Xcode 14.0";
			developmentRegion = "zh-Hans";
			hasScannedForEncodings = 0;
			knownRegions = (
				"zh-Hans",
				en,
				Base,
			);
			mainGroup = 2F79707917BCB83C83271078;
			productRefGroup = 51F3772F28F9BB9785712AEA;
			projectDirPath = "";
			projectRoot = "";
			targets = (
				4D367D6F269B3EB785209E54 /* OCRTranslate */,
				60046D6F300236B786604B44 /* ScreenTranslator */,
			);
		};
/* End PBXProject section */

/* Begin PBXResourcesBuildPhase section */
		2F4D967E17A6CB3F032426FE /* Resources */ = {
			isa = PBXResourcesBuildPhase;
			buildActionMask = 2147483647;
			files = (
				736ACFDE39B567EF07AA17CD /* Assets.xcassets in Resources */,
				7ACC7FF23D663FF90827947F /* LaunchScreen.storyboard in Resources */,
			);
			runOnlyForDeploymentPostprocessing = 0;
		};
/* End PBXResourcesBuildPhase section */

/* Begin PBXSourcesBuildPhase section */
		2F4D913A17A6C89D032426A4 /* Sources */ = {
			isa = PBXSourcesBuildPhase;
			buildActionMask = 2147483647;
			files = (
				0B64D5815B26AC08B64D5810 /* OCRTranslateApp.swift in Sources */,
				488DD0B52446E85A84D16ADC /* AppDelegate.swift in Sources */,
				42D72343216B91A184704957 /* ContentView.swift in Sources */,
				06D70D8336B86C186D70D830 /* SettingsView.swift in Sources */,
				6CA546C53652A3628736F9B3 /* OCREngine.swift in Sources */,
				4AF6B2F0257B597804FA61E1 /* TranslateResult.swift in Sources */,
				3AB23D181D591E8C03E5D60E /* TranslationEngine.swift in Sources */,
				2D1226C21689136102FE3492 /* RecognizedText.swift in Sources */,
				5308D86929846C348583965E /* TranslationManager.swift in Sources */,
			);
			runOnlyForDeploymentPostprocessing = 0;
		};
		4DD5813A26EAC09D052B2D94 /* Sources */ = {
			isa = PBXSourcesBuildPhase;
			buildActionMask = 2147483647;
			files = (
				6CA546C53652A3628736F9B3 /* OCREngine.swift in Sources */,
				4AF6B2F0257B597804FA61E1 /* TranslateResult.swift in Sources */,
				3AB23D181D591E8C03E5D60E /* TranslationEngine.swift in Sources */,
				2D1226C21689136102FE3492 /* RecognizedText.swift in Sources */,
				5308D86929846C348583965E /* TranslationManager.swift in Sources */,
				1F68A4C4FB4526201F68A4C4 /* SampleHandler.swift in Sources */,
			);
			runOnlyForDeploymentPostprocessing = 0;
		};
/* End PBXSourcesBuildPhase section */

/* Begin PBXTargetDependency section */
		0001840FC207813B4C31CCD1 /* PBXTargetDependency */ = {
			isa = PBXTargetDependency;
			target = 60046D6F300236B786604B44 /* ScreenTranslator */;
			targetProxy = 065FCA6E32FE537065FCA6E0 /* PBXContainerItemProxy */;
		};
/* End PBXTargetDependency section */

/* Begin XCBuildConfiguration section */
		6CF896B5367C4B5A873C8202 /* Debug */ = {
			isa = XCBuildConfiguration;
			buildSettings = {
				ALWAYS_SEARCH_USER_PATHS = NO;
				ASSETCATALOG_COMPILER_APPICON_NAME = AppIcon;
				ASSETCATALOG_COMPILER_GLOBAL_ACCENT_COLOR_NAME = AccentColor;
				CODE_SIGN_ENTITLEMENTS = OCRTranslate/OCRTranslate.entitlements;
				CODE_SIGN_STYLE = Automatic;
				CURRENT_PROJECT_VERSION = 1;
				DEBUG_INFORMATION_FORMAT = dwarf;
				GENERATE_INFOPLIST_FILE = NO;
				INFOPLIST_FILE = OCRTranslate/Info.plist;
				INFOPLIST_KEY_UIApplicationSupportsIndirectInputEvents = YES;
				INFOPLIST_KEY_UILaunchStoryboardName = LaunchScreen;
				INFOPLIST_KEY_UISupportedInterfaceOrientations = UIInterfaceOrientationPortrait;
				IPHONEOS_DEPLOYMENT_TARGET = 15.0;
				LD_RUNPATH_SEARCH_PATHS = (
					"$(inherited)",
					"@executable_path/Frameworks",
				);
				MTL_ENABLE_DEBUG_INFO = INCLUDE_SOURCE;
				MTL_FAST_MATH = YES;
				ONLY_ACTIVE_ARCH = YES;
				PRODUCT_BUNDLE_IDENTIFIER = com.limaoswag.ocrtranslate;
				PRODUCT_NAME = OCRTranslate;
				SWIFT_ACTIVE_COMPILATION_CONDITIONS = "DEBUG $(inherited)";
				SWIFT_EMIT_LOC_STRINGS = YES;
				SWIFT_OPTIMIZATION_LEVEL = "-Onone";
				SWIFT_VERSION = 5.0;
				TARGETED_DEVICE_FAMILY = "1,2";
			};
			name = Debug;
		};
		09B568174DAB40B89B568170 /* Release */ = {
			isa = XCBuildConfiguration;
			buildSettings = {
				ALWAYS_SEARCH_USER_PATHS = NO;
				ASSETCATALOG_COMPILER_APPICON_NAME = AppIcon;
				ASSETCATALOG_COMPILER_GLOBAL_ACCENT_COLOR_NAME = AccentColor;
				CODE_SIGN_ENTITLEMENTS = OCRTranslate/OCRTranslate.entitlements;
				CODE_SIGN_STYLE = Automatic;
				CURRENT_PROJECT_VERSION = 1;
				DEBUG_INFORMATION_FORMAT = "dwarf-with-dsym";
				GENERATE_INFOPLIST_FILE = NO;
				INFOPLIST_FILE = OCRTranslate/Info.plist;
				INFOPLIST_KEY_UIApplicationSupportsIndirectInputEvents = YES;
				INFOPLIST_KEY_UILaunchStoryboardName = LaunchScreen;
				INFOPLIST_KEY_UISupportedInterfaceOrientations = UIInterfaceOrientationPortrait;
				IPHONEOS_DEPLOYMENT_TARGET = 15.0;
				LD_RUNPATH_SEARCH_PATHS = (
					"$(inherited)",
					"@executable_path/Frameworks",
				);
				MTL_FAST_MATH = YES;
				PRODUCT_BUNDLE_IDENTIFIER = com.limaoswag.ocrtranslate;
				PRODUCT_NAME = OCRTranslate;
				SWIFT_EMIT_LOC_STRINGS = YES;
				SWIFT_VERSION = 5.0;
				TARGETED_DEVICE_FAMILY = "1,2";
				VALIDATE_PRODUCT = YES;
			};
			name = Release;
		};
		2F53594B17A9ACA5832488ED /* Debug */ = {
			isa = XCBuildConfiguration;
			buildSettings = {
				CODE_SIGN_ENTITLEMENTS = ScreenTranslator/ScreenTranslator.entitlements;
				CODE_SIGN_STYLE = Automatic;
				CURRENT_PROJECT_VERSION = 1;
				DEBUG_INFORMATION_FORMAT = dwarf;
				GENERATE_INFOPLIST_FILE = NO;
				INFOPLIST_FILE = ScreenTranslator/Info.plist;
				IPHONEOS_DEPLOYMENT_TARGET = 15.0;
				LD_RUNPATH_SEARCH_PATHS = (
					"$(inherited)",
					"@executable_path/Frameworks",
					"@executable_path/../../Frameworks",
				);
				MTL_ENABLE_DEBUG_INFO = INCLUDE_SOURCE;
				MTL_FAST_MATH = YES;
				ONLY_ACTIVE_ARCH = YES;
				PRODUCT_BUNDLE_IDENTIFIER = com.limaoswag.ocrtranslate.ScreenTranslator;
				PRODUCT_NAME = ScreenTranslator;
				SWIFT_ACTIVE_COMPILATION_CONDITIONS = "DEBUG $(inherited)";
				SWIFT_EMIT_LOC_STRINGS = YES;
				SWIFT_OPTIMIZATION_LEVEL = "-Onone";
				SWIFT_VERSION = 5.0;
				TARGETED_DEVICE_FAMILY = "1,2";
			};
			name = Debug;
		};
		3D3AA7E91E9D53F48410E526 /* Release */ = {
			isa = XCBuildConfiguration;
			buildSettings = {
				CODE_SIGN_ENTITLEMENTS = ScreenTranslator/ScreenTranslator.entitlements;
				CODE_SIGN_STYLE = Automatic;
				CURRENT_PROJECT_VERSION = 1;
				DEBUG_INFORMATION_FORMAT = "dwarf-with-dsym";
				GENERATE_INFOPLIST_FILE = NO;
				INFOPLIST_FILE = ScreenTranslator/Info.plist;
				IPHONEOS_DEPLOYMENT_TARGET = 15.0;
				LD_RUNPATH_SEARCH_PATHS = (
					"$(inherited)",
					"@executable_path/Frameworks",
					"@executable_path/../../Frameworks",
				);
				MTL_FAST_MATH = YES;
				PRODUCT_BUNDLE_IDENTIFIER = com.limaoswag.ocrtranslate.ScreenTranslator;
				PRODUCT_NAME = ScreenTranslator;
				SWIFT_EMIT_LOC_STRINGS = YES;
				SWIFT_VERSION = 5.0;
				TARGETED_DEVICE_FAMILY = "1,2";
			};
			name = Release;
		};
/* End XCBuildConfiguration section */

/* Begin XCConfigurationList section */
		2F4DD2D317A6E96983242B00 /* Build configuration list for PBXNativeTarget "OCRTranslate" */ = {
			isa = XCConfigurationList;
			buildConfigurations = (
				6CF896B5367C4B5A873C8202 /* Debug */,
				09B568174DAB40B89B568170 /* Release */,
			);
			defaultConfigurationIsVisible = 0;
			defaultConfigurationName = Release;
		};
		4DD5C2D326EAE169852B31F0 /* Build configuration list for PBXNativeTarget "ScreenTranslator" */ = {
			isa = XCConfigurationList;
			buildConfigurations = (
				2F53594B17A9ACA5832488ED /* Debug */,
				3D3AA7E91E9D53F48410E526 /* Release */,
			);
			defaultConfigurationIsVisible = 0;
			defaultConfigurationName = Release;
		};
/* End XCConfigurationList section */
	};
	rootObject = 6EC08F44376047A2075AC983 /* Project object */;
}
