// !$*UTF8*$!
{
	archiveVersion = 1;
	classes = {
	};
	objectVersion = 56;
	objects = {

/* Begin PBXBuildFile section */
		4BC26FF3790948BBB27D329ABF /* OCRTranslateApp.swift in Sources */ = {isa = PBXBuildFile; fileRef = 4BC26FF3790948BBB27D329A; };
		2232015E18F743ACBE8A64EDBF /* AppDelegate.swift in Sources */ = {isa = PBXBuildFile; fileRef = 2232015E18F743ACBE8A64ED; };
		C40BDEE01F6E4C82ACFE3AE6BF /* ContentView.swift in Sources */ = {isa = PBXBuildFile; fileRef = C40BDEE01F6E4C82ACFE3AE6; };
		997662F1E3794613A9CFFAE2BF /* SettingsView.swift in Sources */ = {isa = PBXBuildFile; fileRef = 997662F1E3794613A9CFFAE2; };
		731729A832694B8A91D46248BF /* TranslateResult.swift in Sources */ = {isa = PBXBuildFile; fileRef = 731729A832694B8A91D46248; };
		F3AC306D211C41B9AAA75ED2BF /* TranslationEngine.swift in Sources */ = {isa = PBXBuildFile; fileRef = F3AC306D211C41B9AAA75ED2; };
		760AFC1441D84EAD9E71EA4CBF /* RecognizedText.swift in Sources */ = {isa = PBXBuildFile; fileRef = 760AFC1441D84EAD9E71EA4C; };
		37B6BD24512E442E9CC38464BF /* OCREngine.swift in Sources */ = {isa = PBXBuildFile; fileRef = 37B6BD24512E442E9CC38464; };
		0C3DC975E0484190BAE524DDBF /* TranslationManager.swift in Sources */ = {isa = PBXBuildFile; fileRef = 0C3DC975E0484190BAE524DD; };
		A8178D27072F478DB6A7E04FBF /* BroadcastMonitor.swift in Sources */ = {isa = PBXBuildFile; fileRef = A8178D27072F478DB6A7E04F; };
		8BB022A05D8545A2A956A8ABBF /* Assets.xcassets in Resources */ = {isa = PBXBuildFile; fileRef = 8BB022A05D8545A2A956A8AB; };
		CB7BE874437A453984A411E0BF /* LaunchScreen.storyboard in Resources */ = {isa = PBXBuildFile; fileRef = CB7BE874437A453984A411E0; };
		2B782F7790F0454DB526A0E1BF /* SampleHandler.swift in Sources */ = {isa = PBXBuildFile; fileRef = 2B782F7790F0454DB526A0E1; };
/* End PBXBuildFile section */

/* Begin PBXContainerItemProxy section */
		87916971A41844908F5BB6B6 /* PBXContainerItemProxy */ = {
			isa = PBXContainerItemProxy;
			containerPortal = FC6ABB96B7A14438BC11A788;
			proxyType = 1;
			remoteGlobalIDString = B2FD8F8CDBA44B07BDB236AC;
			remoteInfo = OCRTranslate;
		};
/* End PBXContainerItemProxy section */

/* Begin PBXCopyFilesBuildPhase section */
		C92FF4294C734E6986E31B53 /* Embed App Extensions */ = {
			isa = PBXCopyFilesBuildPhase;
			dstPath = "";
			dstSubfolderSpec = 13;
			files = (
			);
			name = "Embed App Extensions";
			runOnlyForDeploymentPostprocessing = 0;
		};
/* End PBXCopyFilesBuildPhase section */

/* Begin PBXFileReference section */
		4BC26FF3790948BBB27D329A /* OCRTranslateApp.swift */ = {isa = PBXFileReference; lastKnownFileType = sourcecode.swift; path = OCRTranslateApp.swift; sourceTree = <group>; };
		2232015E18F743ACBE8A64ED /* AppDelegate.swift */ = {isa = PBXFileReference; lastKnownFileType = sourcecode.swift; path = AppDelegate.swift; sourceTree = <group>; };
		C40BDEE01F6E4C82ACFE3AE6 /* ContentView.swift */ = {isa = PBXFileReference; lastKnownFileType = sourcecode.swift; path = ContentView.swift; sourceTree = <group>; };
		997662F1E3794613A9CFFAE2 /* SettingsView.swift */ = {isa = PBXFileReference; lastKnownFileType = sourcecode.swift; path = SettingsView.swift; sourceTree = <group>; };
		731729A832694B8A91D46248 /* TranslateResult.swift */ = {isa = PBXFileReference; lastKnownFileType = sourcecode.swift; path = TranslateResult.swift; sourceTree = <group>; };
		F3AC306D211C41B9AAA75ED2 /* TranslationEngine.swift */ = {isa = PBXFileReference; lastKnownFileType = sourcecode.swift; path = TranslationEngine.swift; sourceTree = <group>; };
		760AFC1441D84EAD9E71EA4C /* RecognizedText.swift */ = {isa = PBXFileReference; lastKnownFileType = sourcecode.swift; path = RecognizedText.swift; sourceTree = <group>; };
		37B6BD24512E442E9CC38464 /* OCREngine.swift */ = {isa = PBXFileReference; lastKnownFileType = sourcecode.swift; path = OCREngine.swift; sourceTree = <group>; };
		0C3DC975E0484190BAE524DD /* TranslationManager.swift */ = {isa = PBXFileReference; lastKnownFileType = sourcecode.swift; path = TranslationManager.swift; sourceTree = <group>; };
		A8178D27072F478DB6A7E04F /* BroadcastMonitor.swift */ = {isa = PBXFileReference; lastKnownFileType = sourcecode.swift; path = BroadcastMonitor.swift; sourceTree = <group>; };
		F6C086B31C2B42C582E73564 /* Info.plist */ = {isa = PBXFileReference; lastKnownFileType = text.plist.xml; path = Info.plist; sourceTree = <group>; };
		A1422728FBD14792A5DE34E4 /* OCRTranslate.entitlements */ = {isa = PBXFileReference; lastKnownFileType = text.plist.entitlements; path = OCRTranslate.entitlements; sourceTree = <group>; };
		8BB022A05D8545A2A956A8AB /* Assets.xcassets */ = {isa = PBXFileReference; lastKnownFileType = folder.assetcatalog; path = Assets.xcassets; sourceTree = <group>; };
		CB7BE874437A453984A411E0 /* LaunchScreen.storyboard */ = {isa = PBXFileReference; lastKnownFileType = file.storyboard; path = LaunchScreen.storyboard; sourceTree = <group>; };
		2B782F7790F0454DB526A0E1 /* SampleHandler.swift */ = {isa = PBXFileReference; lastKnownFileType = sourcecode.swift; path = SampleHandler.swift; sourceTree = <group>; };
		FE063A70021A4B65BEA8FADD /* Info.plist */ = {isa = PBXFileReference; lastKnownFileType = text.plist.xml; path = Info.plist; sourceTree = <group>; };
		46C7F5D83ABF4B28BFCE39BF /* ScreenTranslator.entitlements */ = {isa = PBXFileReference; lastKnownFileType = text.plist.entitlements; path = ScreenTranslator.entitlements; sourceTree = <group>; };
/* End PBXFileReference section */

/* Begin PBXFrameworksBuildPhase section */
		B2FD8F8CDBA44B07BDB236ACF /* Frameworks */ = {
			isa = PBXFrameworksBuildPhase;
			buildActionMask = 2147483647;
			files = (
			);
			runOnlyForDeploymentPostprocessing = 0;
		};
		ECE0C0477A77458988FCAEC6F /* Frameworks */ = {
			isa = PBXFrameworksBuildPhase;
			buildActionMask = 2147483647;
			files = (
			);
			runOnlyForDeploymentPostprocessing = 0;
		};
/* End PBXFrameworksBuildPhase section */

/* Begin PBXGroup section */
		A6F7074F012E4BF2AA255B52 = {
			isa = PBXGroup;
			children = [
				14A8117AED064E7DA490B464,
				C665EA33E1DC44A085165A6F,
				B94CF82A59634EA18070614C,
			];
			sourceTree = "<group>";
		};
		14A8117AED064E7DA490B464 /* OCRTranslate */ = {
			isa = PBXGroup;
			children = [
				4BC26FF3790948BBB27D329A,
				2232015E18F743ACBE8A64ED,
				C40BDEE01F6E4C82ACFE3AE6,
				997662F1E3794613A9CFFAE2,
				731729A832694B8A91D46248,
				F3AC306D211C41B9AAA75ED2,
				760AFC1441D84EAD9E71EA4C,
				37B6BD24512E442E9CC38464,
				0C3DC975E0484190BAE524DD,
				A8178D27072F478DB6A7E04F,
				F6C086B31C2B42C582E73564,
				A1422728FBD14792A5DE34E4,
				8BB022A05D8545A2A956A8AB,
				CB7BE874437A453984A411E0,
			];
			path = OCRTranslate;
			sourceTree = "<group>";
		};
		C665EA33E1DC44A085165A6F /* ScreenTranslator */ = {
			isa = PBXGroup;
			children = [
				2B782F7790F0454DB526A0E1,
				FE063A70021A4B65BEA8FADD,
				46C7F5D83ABF4B28BFCE39BF,
			];
			path = ScreenTranslator;
			sourceTree = "<group>";
		};
		B94CF82A59634EA18070614C /* Products */ = {
			isa = PBXGroup;
			children = [
				6F35E7A91F164F0A93A126EB,
				E5EB0572360542FB8FEAC7B5,
			];
			name = Products;
			sourceTree = "<group>";
		};
/* End PBXGroup section */

/* Begin PBXNativeTarget section */
		B2FD8F8CDBA44B07BDB236AC /* OCRTranslate */ = {
			isa = PBXNativeTarget;
			buildConfigurationList = 98C97816CA1A475B80718E1B;
			buildPhases = (
				629CB402462149F09B4BB5CC,
				07EECED73BC84098A2F52D02,
				B2FD8F8CDBA44B07BDB236ACF,
				C92FF4294C734E6986E31B53,
			);
			buildRules = (
			);
			dependencies = (
				97C2D45D2B234FDB9EFD10B2,
			);
			name = OCRTranslate;
			productName = OCRTranslate;
			productReference = 6F35E7A91F164F0A93A126EB /* OCRTranslate.app */;
			productType = "com.apple.product-type.application";
		};
		ECE0C0477A77458988FCAEC6 /* ScreenTranslator */ = {
			isa = PBXNativeTarget;
			buildConfigurationList = 1FEF8C2D863145E9A6207F0A;
			buildPhases = (
				1F5AD59C883D4A04885D6C57,
				ECE0C0477A77458988FCAEC6F,
			);
			buildRules = (
			);
			dependencies = (
			);
			name = ScreenTranslator;
			productName = ScreenTranslator;
			productReference = E5EB0572360542FB8FEAC7B5 /* ScreenTranslator.appex */;
			productType = "com.apple.product-type.app-extension";
		};
/* End PBXNativeTarget section */

/* Begin PBXProject section */
		FC6ABB96B7A14438BC11A788 /* Project object */ = {
			isa = PBXProject;
			attributes = {
				BuildIndependentTargetsInParallel = 1;
				LastSwiftUpdateCheck = 1500;
				LastUpgradeCheck = 1500;
			};
			buildConfigurationList = 98C97816CA1A475B80718E1B;
			compatibilityVersion = "Xcode 14.0";
			developmentRegion = "zh-Hans";
			hasScannedForEncodings = 0;
			knownRegions = (
				"zh-Hans",
				en,
				Base,
			);
			mainGroup = A6F7074F012E4BF2AA255B52;
			productRefGroup = B94CF82A59634EA18070614C /* Products */;
			projectDirPath = "";
			projectRoot = "";
			targets = (
				B2FD8F8CDBA44B07BDB236AC /* OCRTranslate */,
				ECE0C0477A77458988FCAEC6 /* ScreenTranslator */,
			);
		};
/* End PBXProject section */

/* Begin PBXResourcesBuildPhase section */
		07EECED73BC84098A2F52D02 /* Resources */ = {
			isa = PBXResourcesBuildPhase;
			buildActionMask = 2147483647;
			files = (
				8BB022A05D8545A2A956A8ABBF /* Assets.xcassets in Resources */,
				CB7BE874437A453984A411E0BF /* LaunchScreen.storyboard in Resources */,
			);
			runOnlyForDeploymentPostprocessing = 0;
		};
/* End PBXResourcesBuildPhase section */

/* Begin PBXSourcesBuildPhase section */
		629CB402462149F09B4BB5CC /* Sources */ = {
			isa = PBXSourcesBuildPhase;
			buildActionMask = 2147483647;
			files = (
				4BC26FF3790948BBB27D329ABF /* OCRTranslateApp.swift in Sources */,
				2232015E18F743ACBE8A64EDBF /* AppDelegate.swift in Sources */,
				C40BDEE01F6E4C82ACFE3AE6BF /* ContentView.swift in Sources */,
				997662F1E3794613A9CFFAE2BF /* SettingsView.swift in Sources */,
				731729A832694B8A91D46248BF /* TranslateResult.swift in Sources */,
				F3AC306D211C41B9AAA75ED2BF /* TranslationEngine.swift in Sources */,
				760AFC1441D84EAD9E71EA4CBF /* RecognizedText.swift in Sources */,
				37B6BD24512E442E9CC38464BF /* OCREngine.swift in Sources */,
				0C3DC975E0484190BAE524DDBF /* TranslationManager.swift in Sources */,
				A8178D27072F478DB6A7E04FBF /* BroadcastMonitor.swift in Sources */,
			);
			runOnlyForDeploymentPostprocessing = 0;
		};
		1F5AD59C883D4A04885D6C57 /* Sources */ = {
			isa = PBXSourcesBuildPhase;
			buildActionMask = 2147483647;
			files = (
				2B782F7790F0454DB526A0E1BF /* SampleHandler.swift in Sources */,
			);
			runOnlyForDeploymentPostprocessing = 0;
		};
/* End PBXSourcesBuildPhase section */

/* Begin PBXTargetDependency section */
		97C2D45D2B234FDB9EFD10B2 /* PBXTargetDependency */ = {
			isa = PBXTargetDependency;
			target = ECE0C0477A77458988FCAEC6 /* ScreenTranslator */;
			targetProxy = 87916971A41844908F5BB6B6 /* PBXContainerItemProxy */;
		};
/* End PBXTargetDependency section */

/* Begin XCBuildConfiguration section */
		DFAFAD2860A04C068A9206FB /* Debug */ = {
			isa = XCBuildConfiguration;
			buildSettings = {
				ALWAYS_SEARCH_USER_PATHS = NO;
				ASSETCATALOG_COMPILER_APPICON_NAME = AppIcon;
				ASSETCATALOG_COMPILER_GLOBAL_ACCENT_COLOR_NAME = AccentColor;
				CODE_SIGN_ENTITLEMENTS = OCRTranslate/OCRTranslate.entitlements;
				CODE_SIGN_STYLE = Automatic;
				CURRENT_PROJECT_VERSION = 1;
				DEBUG_INFORMATION_FORMAT = dwarf;
				ENABLE_BITCODE = NO;
				ENABLE_PREIVEW_MACCATALYST = NO;
				GENERATE_INFOPLIST_FILE = NO;
				INFOPLIST_FILE = OCRTranslate/Info.plist;
				INFOPLIST_KEY_UIApplicationSupportsIndirectInputEvents = YES;
				INFOPLIST_KEY_UILaunchStoryboardName = LaunchScreen;
				INFOPLIST_KEY_UISupportedInterfaceOrientations = UIInterfaceOrientationPortrait;
				IPHONEOS_DEPLOYMENT_TARGET = 15.0;
				LD_RUNPATH_SEARCH_PATHS = (
					"$(inherited)",
					"@executable_path/Frameworks",
				);
				MTL_ENABLE_DEBUG_INFO = INCLUDE_SOURCE;
				MTL_FAST_MATH = YES;
				ONLY_ACTIVE_ARCH = YES;
				PRODUCT_BUNDLE_IDENTIFIER = com.limaoswag.ocrtranslate;
				PRODUCT_NAME = "$(TARGET_NAME)";
				SWIFT_ACTIVE_COMPILATION_CONDITIONS = "DEBUG $(inherited)";
				SWIFT_EMIT_LOC_STRINGS = YES;
				SWIFT_OPTIMIZATION_LEVEL = "-Onone";
				SWIFT_VERSION = 5.0;
				TARGETED_DEVICE_FAMILY = "1,2";
			};
			name = Debug;
		};
		16C812704080425BB0DADA8A /* Release */ = {
			isa = XCBuildConfiguration;
			buildSettings = {
				ALWAYS_SEARCH_USER_PATHS = NO;
				ASSETCATALOG_COMPILER_APPICON_NAME = AppIcon;
				ASSETCATALOG_COMPILER_GLOBAL_ACCENT_COLOR_NAME = AccentColor;
				CODE_SIGN_ENTITLEMENTS = OCRTranslate/OCRTranslate.entitlements;
				CODE_SIGN_STYLE = Automatic;
				CURRENT_PROJECT_VERSION = 1;
				DEBUG_INFORMATION_FORMAT = "dwarf-with-dsym";
				ENABLE_BITCODE = NO;
				ENABLE_PREIVEW_MACCATALYST = NO;
				GENERATE_INFOPLIST_FILE = NO;
				INFOPLIST_FILE = OCRTranslate/Info.plist;
				INFOPLIST_KEY_UIApplicationSupportsIndirectInputEvents = YES;
				INFOPLIST_KEY_UILaunchStoryboardName = LaunchScreen;
				INFOPLIST_KEY_UISupportedInterfaceOrientations = UIInterfaceOrientationPortrait;
				IPHONEOS_DEPLOYMENT_TARGET = 15.0;
				LD_RUNPATH_SEARCH_PATHS = (
					"$(inherited)",
					"@executable_path/Frameworks",
				);
				MTL_FAST_MATH = YES;
				PRODUCT_BUNDLE_IDENTIFIER = com.limaoswag.ocrtranslate;
				PRODUCT_NAME = "$(TARGET_NAME)";
				SWIFT_EMIT_LOC_STRINGS = YES;
				SWIFT_VERSION = 5.0;
				TARGETED_DEVICE_FAMILY = "1,2";
				VALIDATE_PRODUCT = YES;
			};
			name = Release;
		};
		B2AA40374E854164860C270D /* Debug */ = {
			isa = XCBuildConfiguration;
			buildSettings = {
				CODE_SIGN_ENTITLEMENTS = ScreenTranslator/ScreenTranslator.entitlements;
				CODE_SIGN_STYLE = Automatic;
				CURRENT_PROJECT_VERSION = 1;
				DEBUG_INFORMATION_FORMAT = dwarf;
				ENABLE_BITCODE = NO;
				GENERATE_INFOPLIST_FILE = NO;
				INFOPLIST_FILE = ScreenTranslator/Info.plist;
				IPHONEOS_DEPLOYMENT_TARGET = 15.0;
				LD_RUNPATH_SEARCH_PATHS = (
					"$(inherited)",
					"@executable_path/Frameworks",
					"@executable_path/../../Frameworks",
				);
				MTL_ENABLE_DEBUG_INFO = INCLUDE_SOURCE;
				MTL_FAST_MATH = YES;
				ONLY_ACTIVE_ARCH = YES;
				PRODUCT_BUNDLE_IDENTIFIER = com.limaoswag.ocrtranslate.ScreenTranslator;
				PRODUCT_NAME = "$(TARGET_NAME)";
				SWIFT_ACTIVE_COMPILATION_CONDITIONS = "DEBUG $(inherited)";
				SWIFT_EMIT_LOC_STRINGS = YES;
				SWIFT_OPTIMIZATION_LEVEL = "-Onone";
				SWIFT_VERSION = 5.0;
				TARGETED_DEVICE_FAMILY = "1,2";
			};
			name = Debug;
		};
		375D8BB580DA413E9CD7D6A6 /* Release */ = {
			isa = XCBuildConfiguration;
			buildSettings = {
				CODE_SIGN_ENTITLEMENTS = ScreenTranslator/ScreenTranslator.entitlements;
				CODE_SIGN_STYLE = Automatic;
				CURRENT_PROJECT_VERSION = 1;
				DEBUG_INFORMATION_FORMAT = "dwarf-with-dsym";
				ENABLE_BITCODE = NO;
				GENERATE_INFOPLIST_FILE = NO;
				INFOPLIST_FILE = ScreenTranslator/Info.plist;
				IPHONEOS_DEPLOYMENT_TARGET = 15.0;
				LD_RUNPATH_SEARCH_PATHS = (
					"$(inherited)",
					"@executable_path/Frameworks",
					"@executable_path/../../Frameworks",
				);
				MTL_FAST_MATH = YES;
				PRODUCT_BUNDLE_IDENTIFIER = com.limaoswag.ocrtranslate.ScreenTranslator;
				PRODUCT_NAME = "$(TARGET_NAME)";
				SWIFT_EMIT_LOC_STRINGS = YES;
				SWIFT_VERSION = 5.0;
				TARGETED_DEVICE_FAMILY = "1,2";
			};
			name = Release;
		};
/* End XCBuildConfiguration section */

/* Begin XCConfigurationList section */
		98C97816CA1A475B80718E1B /* Build configuration list for PBXNativeTarget "OCRTranslate" */ = {
			isa = XCConfigurationList;
			buildConfigurations = (
				DFAFAD2860A04C068A9206FB /* Debug */,
				16C812704080425BB0DADA8A /* Release */,
			);
			defaultConfigurationIsVisible = 0;
			defaultConfigurationName = Release;
		};
		1FEF8C2D863145E9A6207F0A /* Build configuration list for PBXNativeTarget "ScreenTranslator" */ = {
			isa = XCConfigurationList;
			buildConfigurations = (
				B2AA40374E854164860C270D /* Debug */,
				375D8BB580DA413E9CD7D6A6 /* Release */,
			);
			defaultConfigurationIsVisible = 0;
			defaultConfigurationName = Release;
		};
/* End XCConfigurationList section */
	};
	rootObject = FC6ABB96B7A14438BC11A788 /* Project object */;
}}
