// !$*UTF8*$!
{
	archiveVersion = 1;
	classes = {
	};
	objectVersion = 54;
	objects = {

/* Begin PBXBuildFile section */
		A7921EC2718B4CEF9F888427 /* OCRTranslateApp.swift in Sources */ = {isa = PBXBuildFile; fileRef = 07FD6AED1ECB4F66BFC009BF; };
		28C7F2805F5B438889A0E789 /* AppDelegate.swift in Sources */ = {isa = PBXBuildFile; fileRef = 9BB11A9286C94D68BE7BE48C; };
		B3500F6C4A9648FF92C60D02 /* ContentView.swift in Sources */ = {isa = PBXBuildFile; fileRef = F95FA7BEF39C4AFF8694EFD1; };
		DC6BAECFF2E540B888CFBD8E /* SettingsView.swift in Sources */ = {isa = PBXBuildFile; fileRef = 30AA2A84D0F445E88B9C7B38; };
		F6C279FCA99F46FCB386A1C1 /* TranslateResult.swift in Sources */ = {isa = PBXBuildFile; fileRef = 8AF970E074234ACDBD24FAFB; };
		C0C0E7E8E8864C359F3E74D2 /* TranslationEngine.swift in Sources */ = {isa = PBXBuildFile; fileRef = BABA9EE388554E9BAC18B554; };
		C2BF98ED6F4F40AB97DCE7A2 /* RecognizedText.swift in Sources */ = {isa = PBXBuildFile; fileRef = AC630077ADB24C1C96393BD2; };
		A54CC449ED6444789DA78F0F /* OCREngine.swift in Sources */ = {isa = PBXBuildFile; fileRef = 7D003CD000D546B0B86174E9; };
		0523CDD292AF40B2AA8A8AC7 /* TranslationManager.swift in Sources */ = {isa = PBXBuildFile; fileRef = D1BD581F9CE4430A989F5C7D; };
		96E62B6D017C480C926EF6AF /* BroadcastMonitor.swift in Sources */ = {isa = PBXBuildFile; fileRef = 3255AEA999894121A806300F; };
		EA92EB050E1A401B9CB4932E /* Assets.xcassets in Sources */ = {isa = PBXBuildFile; fileRef = C13C8672DB8C4D8AAAC24CC3; };
		3103BF7694B24BA6B09D7E56 /* LaunchScreen.storyboard in Sources */ = {isa = PBXBuildFile; fileRef = 62D328E1E8D64C3291FDC950; };
		F31749936EAD42289B34B4F4 /* SampleHandler.swift in Sources */ = {isa = PBXBuildFile; fileRef = 132093F970CB4309A8F8B1E4; };
/* End PBXBuildFile section */

/* Begin PBXContainerItemProxy section */
		D8755F543D9E4047ABDBC3E8 /* PBXContainerItemProxy */ = {
			isa = PBXContainerItemProxy;
			containerPortal = 124F22E541FB4846BE9BE161;
			proxyType = 1;
			remoteGlobalIDString = A0FBA8718B4E42D98A667AB3;
			remoteInfo = OCRTranslate;
		};
/* End PBXContainerItemProxy section */

/* Begin PBXCopyFilesBuildPhase section */
		56B76EB250B14778BE4CDE59 /* Embed App Extensions */ = {
			isa = PBXCopyFilesBuildPhase;
			dstPath = "";
			dstSubfolderSpec = 13;
			files = (
			);
			name = "Embed App Extensions";
			runOnlyForDeploymentPostprocessing = 0;
		};
/* End PBXCopyFilesBuildPhase section */

/* Begin PBXFileReference section */
		07FD6AED1ECB4F66BFC009BF /* OCRTranslateApp.swift */ = {isa = PBXFileReference; lastKnownFileType = sourcecode.swift; path = OCRTranslateApp.swift; sourceTree = <group>; };
		9BB11A9286C94D68BE7BE48C /* AppDelegate.swift */ = {isa = PBXFileReference; lastKnownFileType = sourcecode.swift; path = AppDelegate.swift; sourceTree = <group>; };
		F95FA7BEF39C4AFF8694EFD1 /* ContentView.swift */ = {isa = PBXFileReference; lastKnownFileType = sourcecode.swift; path = ContentView.swift; sourceTree = <group>; };
		30AA2A84D0F445E88B9C7B38 /* SettingsView.swift */ = {isa = PBXFileReference; lastKnownFileType = sourcecode.swift; path = SettingsView.swift; sourceTree = <group>; };
		8AF970E074234ACDBD24FAFB /* TranslateResult.swift */ = {isa = PBXFileReference; lastKnownFileType = sourcecode.swift; path = TranslateResult.swift; sourceTree = <group>; };
		BABA9EE388554E9BAC18B554 /* TranslationEngine.swift */ = {isa = PBXFileReference; lastKnownFileType = sourcecode.swift; path = TranslationEngine.swift; sourceTree = <group>; };
		AC630077ADB24C1C96393BD2 /* RecognizedText.swift */ = {isa = PBXFileReference; lastKnownFileType = sourcecode.swift; path = RecognizedText.swift; sourceTree = <group>; };
		7D003CD000D546B0B86174E9 /* OCREngine.swift */ = {isa = PBXFileReference; lastKnownFileType = sourcecode.swift; path = OCREngine.swift; sourceTree = <group>; };
		D1BD581F9CE4430A989F5C7D /* TranslationManager.swift */ = {isa = PBXFileReference; lastKnownFileType = sourcecode.swift; path = TranslationManager.swift; sourceTree = <group>; };
		3255AEA999894121A806300F /* BroadcastMonitor.swift */ = {isa = PBXFileReference; lastKnownFileType = sourcecode.swift; path = BroadcastMonitor.swift; sourceTree = <group>; };
		C467D920CFE046EE890B39FF /* Info.plist */ = {isa = PBXFileReference; lastKnownFileType = text.plist.xml; path = Info.plist; sourceTree = <group>; };
		85B4A3AFD5124424903D9512 /* OCRTranslate.entitlements */ = {isa = PBXFileReference; lastKnownFileType = text.plist.entitlements; path = OCRTranslate.entitlements; sourceTree = <group>; };
		C13C8672DB8C4D8AAAC24CC3 /* Assets.xcassets */ = {isa = PBXFileReference; lastKnownFileType = folder.assetcatalog; path = Assets.xcassets; sourceTree = <group>; };
		62D328E1E8D64C3291FDC950 /* LaunchScreen.storyboard */ = {isa = PBXFileReference; lastKnownFileType = file.storyboard; path = LaunchScreen.storyboard; sourceTree = <group>; };
		132093F970CB4309A8F8B1E4 /* SampleHandler.swift */ = {isa = PBXFileReference; lastKnownFileType = sourcecode.swift; path = SampleHandler.swift; sourceTree = <group>; };
		0162E1E4BF484E72B9A06A50 /* Info.plist */ = {isa = PBXFileReference; lastKnownFileType = text.plist.xml; path = Info.plist; sourceTree = <group>; };
		57A750C878B74C738AE9BE1E /* ScreenTranslator.entitlements */ = {isa = PBXFileReference; lastKnownFileType = text.plist.entitlements; path = ScreenTranslator.entitlements; sourceTree = <group>; };
		6E2AE3C603CC4AF3B184E06D /* OCRTranslate.app */ = {isa = PBXFileReference; explicitFileType = "wrapper.application"; includeInIndex = 0; path = OCRTranslate.app; sourceTree = BUILT_PRODUCTS_DIR; };
		15DD14DBCBD546498BCE60B9 /* ScreenTranslator.appex */ = {isa = PBXFileReference; explicitFileType = "wrapper.app-extension"; includeInIndex = 0; path = ScreenTranslator.appex; sourceTree = BUILT_PRODUCTS_DIR; };
/* End PBXFileReference section */

/* Begin PBXFrameworksBuildPhase section */
		BA3D729FCDD24E3B8D49E248 /* Frameworks */ = {
			isa = PBXFrameworksBuildPhase;
			buildActionMask = 2147483647;
			files = (
			);
			runOnlyForDeploymentPostprocessing = 0;
		};
		E71C733818764CAC8ACCB8A0 /* Frameworks */ = {
			isa = PBXFrameworksBuildPhase;
			buildActionMask = 2147483647;
			files = (
			);
			runOnlyForDeploymentPostprocessing = 0;
		};
/* End PBXFrameworksBuildPhase section */

/* Begin PBXGroup section */
		EC7409C1F1764BC8837EE53B = {
			isa = PBXGroup;
			children = (
				F265B90F864B40099D98B28C /* OCRTranslate */,
				6664A409635E4CAB8AA46F9A /* ScreenTranslator */,
				FB72F5B26E314E188DD556B8 /* Products */,
			);
			sourceTree = "<group>";
		};
		F265B90F864B40099D98B28C /* OCRTranslate */ = {
			isa = PBXGroup;
			children = (
				07FD6AED1ECB4F66BFC009BF /* OCRTranslateApp.swift */,
				9BB11A9286C94D68BE7BE48C /* AppDelegate.swift */,
				F95FA7BEF39C4AFF8694EFD1 /* ContentView.swift */,
				30AA2A84D0F445E88B9C7B38 /* SettingsView.swift */,
				8AF970E074234ACDBD24FAFB /* TranslateResult.swift */,
				BABA9EE388554E9BAC18B554 /* TranslationEngine.swift */,
				AC630077ADB24C1C96393BD2 /* RecognizedText.swift */,
				7D003CD000D546B0B86174E9 /* OCREngine.swift */,
				D1BD581F9CE4430A989F5C7D /* TranslationManager.swift */,
				3255AEA999894121A806300F /* BroadcastMonitor.swift */,
				C467D920CFE046EE890B39FF /* Info.plist */,
				85B4A3AFD5124424903D9512 /* OCRTranslate.entitlements */,
				C13C8672DB8C4D8AAAC24CC3 /* Assets.xcassets */,
				62D328E1E8D64C3291FDC950 /* LaunchScreen.storyboard */,
			);
			path = OCRTranslate;
			sourceTree = "<group>";
		};
		6664A409635E4CAB8AA46F9A /* ScreenTranslator */ = {
			isa = PBXGroup;
			children = (
				132093F970CB4309A8F8B1E4 /* SampleHandler.swift */,
				0162E1E4BF484E72B9A06A50 /* Info.plist */,
				57A750C878B74C738AE9BE1E /* ScreenTranslator.entitlements */,
			);
			path = ScreenTranslator;
			sourceTree = "<group>";
		};
		FB72F5B26E314E188DD556B8 /* Products */ = {
			isa = PBXGroup;
			children = (
				6E2AE3C603CC4AF3B184E06D /* OCRTranslate.app */,
				15DD14DBCBD546498BCE60B9 /* ScreenTranslator.appex */,
			);
			name = Products;
			sourceTree = "<group>";
		};
/* End PBXGroup section */

/* Begin PBXNativeTarget section */
		A0FBA8718B4E42D98A667AB3 /* OCRTranslate */ = {
			isa = PBXNativeTarget;
			buildConfigurationList = 485CE55F044C4F4989313A04;
			buildPhases = (
				221B0B7B1EB04B14ACA505F0 /* Sources */,
				12C76C70FE084D00BC5AC31A /* Resources */,
				BA3D729FCDD24E3B8D49E248 /* Frameworks */,
				56B76EB250B14778BE4CDE59 /* Embed App Extensions */,
			);
			buildRules = (
			);
			dependencies = (
				BCBFA2AB51FF455DAB385775 /* PBXTargetDependency */,
			);
			name = OCRTranslate;
			productName = OCRTranslate;
			productReference = 6E2AE3C603CC4AF3B184E06D /* OCRTranslate.app */;
			productType = "com.apple.product-type.application";
		};
		C570C0E2290846ADAED96273 /* ScreenTranslator */ = {
			isa = PBXNativeTarget;
			buildConfigurationList = 5B785FA7BCE94FE9A2705827;
			buildPhases = (
				6D5983F1C041453998C39421 /* Sources */,
				E71C733818764CAC8ACCB8A0 /* Frameworks */,
			);
			buildRules = (
			);
			dependencies = (
			);
			name = ScreenTranslator;
			productName = ScreenTranslator;
			productReference = 15DD14DBCBD546498BCE60B9 /* ScreenTranslator.appex */;
			productType = "com.apple.product-type.app-extension";
		};
/* End PBXNativeTarget section */

/* Begin PBXProject section */
		124F22E541FB4846BE9BE161 /* Project object */ = {
			isa = PBXProject;
			attributes = {
				BuildIndependentTargetsInParallel = 1;
				LastSwiftUpdateCheck = 1500;
				LastUpgradeCheck = 1500;
			};
			buildConfigurationList = 485CE55F044C4F4989313A04;
			compatibilityVersion = "Xcode 14.0";
			developmentRegion = "zh-Hans";
			hasScannedForEncodings = 0;
			knownRegions = (
				"zh-Hans",
				en,
				Base,
			);
			mainGroup = EC7409C1F1764BC8837EE53B;
			productRefGroup = FB72F5B26E314E188DD556B8 /* Products */;
			projectDirPath = "";
			projectRoot = "";
			targets = (
				A0FBA8718B4E42D98A667AB3 /* OCRTranslate */,
				C570C0E2290846ADAED96273 /* ScreenTranslator */,
			);
		};
/* End PBXProject section */

/* Begin PBXResourcesBuildPhase section */
		12C76C70FE084D00BC5AC31A /* Resources */ = {
			isa = PBXResourcesBuildPhase;
			buildActionMask = 2147483647;
			files = (
				EA92EB050E1A401B9CB4932E /* Assets.xcassets in Resources */,
				3103BF7694B24BA6B09D7E56 /* LaunchScreen.storyboard in Resources */,
			);
			runOnlyForDeploymentPostprocessing = 0;
		};
/* End PBXResourcesBuildPhase section */

/* Begin PBXSourcesBuildPhase section */
		221B0B7B1EB04B14ACA505F0 /* Sources */ = {
			isa = PBXSourcesBuildPhase;
			buildActionMask = 2147483647;
			files = (
				A7921EC2718B4CEF9F888427 /* OCRTranslateApp.swift in Sources */,
				28C7F2805F5B438889A0E789 /* AppDelegate.swift in Sources */,
				B3500F6C4A9648FF92C60D02 /* ContentView.swift in Sources */,
				DC6BAECFF2E540B888CFBD8E /* SettingsView.swift in Sources */,
				F6C279FCA99F46FCB386A1C1 /* TranslateResult.swift in Sources */,
				C0C0E7E8E8864C359F3E74D2 /* TranslationEngine.swift in Sources */,
				C2BF98ED6F4F40AB97DCE7A2 /* RecognizedText.swift in Sources */,
				A54CC449ED6444789DA78F0F /* OCREngine.swift in Sources */,
				0523CDD292AF40B2AA8A8AC7 /* TranslationManager.swift in Sources */,
				96E62B6D017C480C926EF6AF /* BroadcastMonitor.swift in Sources */,
			);
			runOnlyForDeploymentPostprocessing = 0;
		};
		6D5983F1C041453998C39421 /* Sources */ = {
			isa = PBXSourcesBuildPhase;
			buildActionMask = 2147483647;
			files = (
				F31749936EAD42289B34B4F4 /* SampleHandler.swift in Sources */,
			);
			runOnlyForDeploymentPostprocessing = 0;
		};
/* End PBXSourcesBuildPhase section */

/* Begin PBXTargetDependency section */
		BCBFA2AB51FF455DAB385775 /* PBXTargetDependency */ = {
			isa = PBXTargetDependency;
			target = C570C0E2290846ADAED96273 /* ScreenTranslator */;
			targetProxy = D8755F543D9E4047ABDBC3E8 /* PBXContainerItemProxy */;
		};
/* End PBXTargetDependency section */

/* Begin XCBuildConfiguration section */
		37EF6791A0754973A7A2CD06 /* Debug */ = {
			isa = XCBuildConfiguration;
			buildSettings = {
				ALWAYS_SEARCH_USER_PATHS = NO;
				ASSETCATALOG_COMPILER_APPICON_NAME = AppIcon;
				ASSETCATALOG_COMPILER_GLOBAL_ACCENT_COLOR_NAME = AccentColor;
				CODE_SIGN_ENTITLEMENTS = OCRTranslate/OCRTranslate.entitlements;
				CODE_SIGN_STYLE = Automatic;
				CURRENT_PROJECT_VERSION = 1;
				DEBUG_INFORMATION_FORMAT = dwarf;
				GENERATE_INFOPLIST_FILE = NO;
				INFOPLIST_FILE = OCRTranslate/Info.plist;
				INFOPLIST_KEY_UIApplicationSupportsIndirectInputEvents = YES;
				INFOPLIST_KEY_UILaunchStoryboardName = LaunchScreen;
				INFOPLIST_KEY_UISupportedInterfaceOrientations = UIInterfaceOrientationPortrait;
				IPHONEOS_DEPLOYMENT_TARGET = 15.0;
				LD_RUNPATH_SEARCH_PATHS = (
					"$(inherited)",
					"@executable_path/Frameworks",
				);
				MTL_ENABLE_DEBUG_INFO = INCLUDE_SOURCE;
				MTL_FAST_MATH = YES;
				ONLY_ACTIVE_ARCH = YES;
				PRODUCT_BUNDLE_IDENTIFIER = com.limaoswag.ocrtranslate;
				PRODUCT_NAME = "$(TARGET_NAME)";
				SWIFT_ACTIVE_COMPILATION_CONDITIONS = "DEBUG $(inherited)";
				SWIFT_EMIT_LOC_STRINGS = YES;
				SWIFT_OPTIMIZATION_LEVEL = "-Onone";
				SWIFT_VERSION = 5.0;
				TARGETED_DEVICE_FAMILY = "1,2";
			};
			name = Debug;
		};
		4BA17D8E96AC45E1A96DB693 /* Release */ = {
			isa = XCBuildConfiguration;
			buildSettings = {
				ALWAYS_SEARCH_USER_PATHS = NO;
				ASSETCATALOG_COMPILER_APPICON_NAME = AppIcon;
				ASSETCATALOG_COMPILER_GLOBAL_ACCENT_COLOR_NAME = AccentColor;
				CODE_SIGN_ENTITLEMENTS = OCRTranslate/OCRTranslate.entitlements;
				CODE_SIGN_STYLE = Automatic;
				CURRENT_PROJECT_VERSION = 1;
				DEBUG_INFORMATION_FORMAT = "dwarf-with-dsym";
				GENERATE_INFOPLIST_FILE = NO;
				INFOPLIST_FILE = OCRTranslate/Info.plist;
				INFOPLIST_KEY_UIApplicationSupportsIndirectInputEvents = YES;
				INFOPLIST_KEY_UILaunchStoryboardName = LaunchScreen;
				INFOPLIST_KEY_UISupportedInterfaceOrientations = UIInterfaceOrientationPortrait;
				IPHONEOS_DEPLOYMENT_TARGET = 15.0;
				LD_RUNPATH_SEARCH_PATHS = (
					"$(inherited)",
					"@executable_path/Frameworks",
				);
				MTL_FAST_MATH = YES;
				PRODUCT_BUNDLE_IDENTIFIER = com.limaoswag.ocrtranslate;
				PRODUCT_NAME = "$(TARGET_NAME)";
				SWIFT_EMIT_LOC_STRINGS = YES;
				SWIFT_VERSION = 5.0;
				TARGETED_DEVICE_FAMILY = "1,2";
				VALIDATE_PRODUCT = YES;
			};
			name = Release;
		};
		44E0BE4F796243A4A8C9513F /* Debug */ = {
			isa = XCBuildConfiguration;
			buildSettings = {
				CODE_SIGN_ENTITLEMENTS = ScreenTranslator/ScreenTranslator.entitlements;
				CODE_SIGN_STYLE = Automatic;
				CURRENT_PROJECT_VERSION = 1;
				DEBUG_INFORMATION_FORMAT = dwarf;
				GENERATE_INFOPLIST_FILE = NO;
				INFOPLIST_FILE = ScreenTranslator/Info.plist;
				IPHONEOS_DEPLOYMENT_TARGET = 15.0;
				LD_RUNPATH_SEARCH_PATHS = (
					"$(inherited)",
					"@executable_path/Frameworks",
					"@executable_path/../../Frameworks",
				);
				MTL_ENABLE_DEBUG_INFO = INCLUDE_SOURCE;
				MTL_FAST_MATH = YES;
				ONLY_ACTIVE_ARCH = YES;
				PRODUCT_BUNDLE_IDENTIFIER = com.limaoswag.ocrtranslate.ScreenTranslator;
				PRODUCT_NAME = "$(TARGET_NAME)";
				SWIFT_ACTIVE_COMPILATION_CONDITIONS = "DEBUG $(inherited)";
				SWIFT_EMIT_LOC_STRINGS = YES;
				SWIFT_OPTIMIZATION_LEVEL = "-Onone";
				SWIFT_VERSION = 5.0;
				TARGETED_DEVICE_FAMILY = "1,2";
			};
			name = Debug;
		};
		B2113D6B46EC4A8F9DDA4C8B /* Release */ = {
			isa = XCBuildConfiguration;
			buildSettings = {
				CODE_SIGN_ENTITLEMENTS = ScreenTranslator/ScreenTranslator.entitlements;
				CODE_SIGN_STYLE = Automatic;
				CURRENT_PROJECT_VERSION = 1;
				DEBUG_INFORMATION_FORMAT = "dwarf-with-dsym";
				GENERATE_INFOPLIST_FILE = NO;
				INFOPLIST_FILE = ScreenTranslator/Info.plist;
				IPHONEOS_DEPLOYMENT_TARGET = 15.0;
				LD_RUNPATH_SEARCH_PATHS = (
					"$(inherited)",
					"@executable_path/Frameworks",
					"@executable_path/../../Frameworks",
				);
				MTL_FAST_MATH = YES;
				PRODUCT_BUNDLE_IDENTIFIER = com.limaoswag.ocrtranslate.ScreenTranslator;
				PRODUCT_NAME = "$(TARGET_NAME)";
				SWIFT_EMIT_LOC_STRINGS = YES;
				SWIFT_VERSION = 5.0;
				TARGETED_DEVICE_FAMILY = "1,2";
			};
			name = Release;
		};
/* End XCBuildConfiguration section */

/* Begin XCConfigurationList section */
		485CE55F044C4F4989313A04 /* Build configuration list for PBXNativeTarget "OCRTranslate" */ = {
			isa = XCConfigurationList;
			buildConfigurations = (
				37EF6791A0754973A7A2CD06 /* Debug */,
				4BA17D8E96AC45E1A96DB693 /* Release */,
			);
			defaultConfigurationIsVisible = 0;
			defaultConfigurationName = Release;
		};
		5B785FA7BCE94FE9A2705827 /* Build configuration list for PBXNativeTarget "ScreenTranslator" */ = {
			isa = XCConfigurationList;
			buildConfigurations = (
				44E0BE4F796243A4A8C9513F /* Debug */,
				B2113D6B46EC4A8F9DDA4C8B /* Release */,
			);
			defaultConfigurationIsVisible = 0;
			defaultConfigurationName = Release;
		};
/* End XCConfigurationList section */
	};
	rootObject = 124F22E541FB4846BE9BE161 /* Project object */;
}
